<?xml version="1.0" encoding="utf-8"?>
<Project ToolsVersion="4.0" xmlns="http://schemas.microsoft.com/developer/msbuild/2003">
  <ItemGroup>
    <Filter Include="原始程式檔">
      <UniqueIdentifier>{4FC737F1-C7A5-4376-A066-2A32D752A2FF}</UniqueIdentifier>
      <Extensions>cpp;c;cc;cxx;def;odl;idl;hpj;bat;asm;asmx</Extensions>
    </Filter>
    <Filter Include="標頭檔">
      <UniqueIdentifier>{93995380-89BD-4b04-88EB-625FBE52EBFB}</UniqueIdentifier>
      <Extensions>h;hpp;hxx;hm;inl;inc;xsd</Extensions>
    </Filter>
    <Filter Include="資源檔">
      <UniqueIdentifier>{67DA6AB6-F800-4c08-8B7A-83BB121AAD01}</UniqueIdentifier>
      <Extensions>rc;ico;cur;bmp;dlg;rc2;rct;bin;rgs;gif;jpg;jpeg;jpe;resx;tiff;tif;png;wav;mfcribbon-ms</Extensions>
    </Filter>
  </ItemGroup>
  <ItemGroup>
    <ClCompile Include="main.cpp">
      <Filter>原始程式檔</Filter>
    </ClCompile>
    <ClCompile Include="main_window.cxx">
      <Filter>原始程式檔</Filter>
    </ClCompile>
    <ClCompile Include="test_sdk.cpp">
      <Filter>原始程式檔</Filter>
    </ClCompile>
    <ClCompile Include="..\basicX\define.cpp">
      <Filter>原始程式檔</Filter>
    </ClCompile>
    <ClCompile Include="..\basicX\denseMatrix.cpp">
      <Filter>原始程式檔</Filter>
    </ClCompile>
    <ClCompile Include="..\basicX\imageIO.cpp">
      <Filter>原始程式檔</Filter>
    </ClCompile>
    <ClCompile Include="..\basicX\layer.cpp">
      <Filter>原始程式檔</Filter>
    </ClCompile>
    <ClCompile Include="..\basicX\matrixOperation.cpp">
      <Filter>原始程式檔</Filter>
    </ClCompile>
    <ClCompile Include="..\basicX\myMath.cpp">
      <Filter>原始程式檔</Filter>
    </ClCompile>
    <ClCompile Include="main_winApp.cpp">
      <Filter>原始程式檔</Filter>
    </ClCompile>
    <ClCompile Include="database.cpp">
      <Filter>原始程式檔</Filter>
    </ClCompile>
    <ClCompile Include="algo_target.cpp">
      <Filter>原始程式檔</Filter>
    </ClCompile>
    <ClCompile Include="algo_template.cpp">
      <Filter>原始程式檔</Filter>
    </ClCompile>
    <ClCompile Include="myMatch.cpp">
      <Filter>原始程式檔</Filter>
    </ClCompile>
    <ClCompile Include="myUtil.cpp">
      <Filter>原始程式檔</Filter>
    </ClCompile>
  </ItemGroup>
  <ItemGroup>
    <ClInclude Include="main.h">
      <Filter>標頭檔</Filter>
    </ClInclude>
    <ClInclude Include="main_window.h">
      <Filter>標頭檔</Filter>
    </ClInclude>
    <ClInclude Include="main_winApp.h">
      <Filter>標頭檔</Filter>
    </ClInclude>
    <ClInclude Include="test_sdk.h">
      <Filter>標頭檔</Filter>
    </ClInclude>
    <ClInclude Include="..\basicX\define.h">
      <Filter>標頭檔</Filter>
    </ClInclude>
    <ClInclude Include="..\basicX\denseMatrix.h">
      <Filter>標頭檔</Filter>
    </ClInclude>
    <ClInclude Include="..\basicX\imageIO.h">
      <Filter>標頭檔</Filter>
    </ClInclude>
    <ClInclude Include="..\basicX\layer.h">
      <Filter>標頭檔</Filter>
    </ClInclude>
    <ClInclude Include="..\basicX\matrixOperation.h">
      <Filter>標頭檔</Filter>
    </ClInclude>
    <ClInclude Include="..\basicX\myMath.h">
      <Filter>標頭檔</Filter>
    </ClInclude>
    <ClInclude Include="database.h">
      <Filter>標頭檔</Filter>
    </ClInclude>
    <ClInclude Include="algo_target.h">
      <Filter>標頭檔</Filter>
    </ClInclude>
    <ClInclude Include="algo_template.h">
      <Filter>標頭檔</Filter>
    </ClInclude>
  </ItemGroup>
</Project>